// !$*UTF8*$!
{
	archiveVersion = 1;
	classes = {
	};
	objectVersion = 56;
	objects = {

/* Begin PBXBuildFile section */
		010000000000000000000001 /* MP3BuildApp.swift in Sources */ = {isa = PBXBuildFile; fileRef = 020000000000000000000001 /* MP3BuildApp.swift */; };
		010000000000000000000002 /* MediaItem.swift in Sources */ = {isa = PBXBuildFile; fileRef = 020000000000000000000002 /* MediaItem.swift */; };
		010000000000000000000003 /* PlayerScreen.swift in Sources */ = {isa = PBXBuildFile; fileRef = 020000000000000000000003 /* PlayerScreen.swift */; };
		010000000000000000000004 /* PlayerTheme.swift in Sources */ = {isa = PBXBuildFile; fileRef = 020000000000000000000004 /* PlayerTheme.swift */; };
		010000000000000000000005 /* MediaLibrary.swift in Sources */ = {isa = PBXBuildFile; fileRef = 020000000000000000000005 /* MediaLibrary.swift */; };
		010000000000000000000006 /* PlaybackController.swift in Sources */ = {isa = PBXBuildFile; fileRef = 020000000000000000000006 /* PlaybackController.swift */; };
		010000000000000000000007 /* PlayerNavigationModel.swift in Sources */ = {isa = PBXBuildFile; fileRef = 020000000000000000000007 /* PlayerNavigationModel.swift */; };
		010000000000000000000008 /* RootDeviceView.swift in Sources */ = {isa = PBXBuildFile; fileRef = 020000000000000000000008 /* RootDeviceView.swift */; };
		010000000000000000000009 /* DeviceScreenView.swift in Sources */ = {isa = PBXBuildFile; fileRef = 020000000000000000000009 /* DeviceScreenView.swift */; };
		01000000000000000000000A /* HomeMenuView.swift in Sources */ = {isa = PBXBuildFile; fileRef = 02000000000000000000000A /* HomeMenuView.swift */; };
		01000000000000000000000B /* ClickWheelView.swift in Sources */ = {isa = PBXBuildFile; fileRef = 02000000000000000000000B /* ClickWheelView.swift */; };
		01000000000000000000000C /* ImportButton.swift in Sources */ = {isa = PBXBuildFile; fileRef = 02000000000000000000000C /* ImportButton.swift */; };
		01000000000000000000000D /* MediaListView.swift in Sources */ = {isa = PBXBuildFile; fileRef = 02000000000000000000000D /* MediaListView.swift */; };
		01000000000000000000000E /* NowPlayingView.swift in Sources */ = {isa = PBXBuildFile; fileRef = 02000000000000000000000E /* NowPlayingView.swift */; };
		01000000000000000000000F /* SettingsView.swift in Sources */ = {isa = PBXBuildFile; fileRef = 02000000000000000000000F /* SettingsView.swift */; };
		010000000000000000000010 /* MediaItemTests.swift in Sources */ = {isa = PBXBuildFile; fileRef = 020000000000000000000010 /* MediaItemTests.swift */; };
		010000000000000000000011 /* MediaLibraryTests.swift in Sources */ = {isa = PBXBuildFile; fileRef = 020000000000000000000011 /* MediaLibraryTests.swift */; };
		010000000000000000000012 /* PlayerNavigationModelTests.swift in Sources */ = {isa = PBXBuildFile; fileRef = 020000000000000000000012 /* PlayerNavigationModelTests.swift */; };
		010000000000000000000013 /* FontRegistry.swift in Sources */ = {isa = PBXBuildFile; fileRef = 020000000000000000000015 /* FontRegistry.swift */; };
		010000000000000000000014 /* PlayerThemeTests.swift in Sources */ = {isa = PBXBuildFile; fileRef = 020000000000000000000016 /* PlayerThemeTests.swift */; };
		010000000000000000000015 /* ThemeManifest.swift in Sources */ = {isa = PBXBuildFile; fileRef = 020000000000000000000017 /* ThemeManifest.swift */; };
		010000000000000000000016 /* ClickWheelEngine.swift in Sources */ = {isa = PBXBuildFile; fileRef = 020000000000000000000018 /* ClickWheelEngine.swift */; };
		010000000000000000000017 /* MediaSortMode.swift in Sources */ = {isa = PBXBuildFile; fileRef = 020000000000000000000019 /* MediaSortMode.swift */; };
		010000000000000000000018 /* VideoAspectMode.swift in Sources */ = {isa = PBXBuildFile; fileRef = 02000000000000000000001A /* VideoAspectMode.swift */; };
		010000000000000000000019 /* ThemeManifestTests.swift in Sources */ = {isa = PBXBuildFile; fileRef = 02000000000000000000001B /* ThemeManifestTests.swift */; };
		01000000000000000000001A /* ClickWheelEngineTests.swift in Sources */ = {isa = PBXBuildFile; fileRef = 02000000000000000000001C /* ClickWheelEngineTests.swift */; };
		01000000000000000000001B /* MediaLibrarySortingTests.swift in Sources */ = {isa = PBXBuildFile; fileRef = 02000000000000000000001D /* MediaLibrarySortingTests.swift */; };
		01000000000000000000001C /* AppConfigurationTests.swift in Sources */ = {isa = PBXBuildFile; fileRef = 02000000000000000000001E /* AppConfigurationTests.swift */; };
		011000000000000000000001 /* config.json in Resources */ = {isa = PBXBuildFile; fileRef = 021000000000000000000001 /* config.json */; };
		011000000000000000000002 /* desk_bg001.png in Resources */ = {isa = PBXBuildFile; fileRef = 021000000000000000000002 /* desk_bg001.png */; };
		011000000000000000000003 /* minecraft.ttf in Resources */ = {isa = PBXBuildFile; fileRef = 021000000000000000000003 /* minecraft.ttf */; };
		011000000000000000000004 /* 1.png in Resources */ = {isa = PBXBuildFile; fileRef = 021000000000000000000004 /* 1.png */; };
		011000000000000000000005 /* 2.png in Resources */ = {isa = PBXBuildFile; fileRef = 021000000000000000000005 /* 2.png */; };
		011000000000000000000006 /* Now Playing.png in Resources */ = {isa = PBXBuildFile; fileRef = 021000000000000000000006 /* Now Playing.png */; };
		011000000000000000000007 /* Music.png in Resources */ = {isa = PBXBuildFile; fileRef = 021000000000000000000007 /* Music.png */; };
		011000000000000000000008 /* Videos.png in Resources */ = {isa = PBXBuildFile; fileRef = 021000000000000000000008 /* Videos.png */; };
		011000000000000000000009 /* Audiobooks.png in Resources */ = {isa = PBXBuildFile; fileRef = 021000000000000000000009 /* Audiobooks.png */; };
		01100000000000000000000A /* Photos.png in Resources */ = {isa = PBXBuildFile; fileRef = 02100000000000000000000A /* Photos.png */; };
		01100000000000000000000B /* FM Radio.png in Resources */ = {isa = PBXBuildFile; fileRef = 02100000000000000000000B /* FM Radio.png */; };
		01100000000000000000000C /* Bluetooth.png in Resources */ = {isa = PBXBuildFile; fileRef = 02100000000000000000000C /* Bluetooth.png */; };
		01100000000000000000000D /* Settings.png in Resources */ = {isa = PBXBuildFile; fileRef = 02100000000000000000000D /* Settings.png */; };
		01100000000000000000000E /* ebook.png in Resources */ = {isa = PBXBuildFile; fileRef = 02100000000000000000000E /* ebook.png */; };
		01100000000000000000000F /* calculator.png in Resources */ = {isa = PBXBuildFile; fileRef = 02100000000000000000000F /* calculator.png */; };
		011000000000000000000010 /* calendar.png in Resources */ = {isa = PBXBuildFile; fileRef = 021000000000000000000010 /* calendar.png */; };
		011000000000000000000011 /* battery_004.png in Resources */ = {isa = PBXBuildFile; fileRef = 021000000000000000000011 /* battery_004.png */; };
		011000000000000000000012 /* playing.png in Resources */ = {isa = PBXBuildFile; fileRef = 021000000000000000000012 /* playing.png */; };
		011000000000000000000013 /* pause.png in Resources */ = {isa = PBXBuildFile; fileRef = 021000000000000000000013 /* pause.png */; };
		011000000000000000000014 /* stop.png in Resources */ = {isa = PBXBuildFile; fileRef = 021000000000000000000014 /* stop.png */; };
		011000000000000000000015 /* headsetWithoutMic.png in Resources */ = {isa = PBXBuildFile; fileRef = 021000000000000000000015 /* headsetWithoutMic.png */; };
		011000000000000000000016 /* blConnected.png in Resources */ = {isa = PBXBuildFile; fileRef = 021000000000000000000016 /* blConnected.png */; };
		011000000000000000000017 /* Assets.xcassets in Resources */ = {isa = PBXBuildFile; fileRef = 021000000000000000000017 /* Assets.xcassets */; };
/* End PBXBuildFile section */

/* Begin PBXContainerItemProxy section */
		030000000000000000000001 /* PBXContainerItemProxy */ = {
			isa = PBXContainerItemProxy;
			containerPortal = 040000000000000000000001 /* Project object */;
			proxyType = 1;
			remoteGlobalIDString = 050000000000000000000001;
			remoteInfo = MP3Build;
		};
/* End PBXContainerItemProxy section */

/* Begin PBXFileReference section */
		020000000000000000000001 /* MP3BuildApp.swift */ = {isa = PBXFileReference; lastKnownFileType = sourcecode.swift; path = MP3BuildApp.swift; sourceTree = "<group>"; };
		020000000000000000000002 /* MediaItem.swift */ = {isa = PBXFileReference; lastKnownFileType = sourcecode.swift; path = MediaItem.swift; sourceTree = "<group>"; };
		020000000000000000000003 /* PlayerScreen.swift */ = {isa = PBXFileReference; lastKnownFileType = sourcecode.swift; path = PlayerScreen.swift; sourceTree = "<group>"; };
		020000000000000000000004 /* PlayerTheme.swift */ = {isa = PBXFileReference; lastKnownFileType = sourcecode.swift; path = PlayerTheme.swift; sourceTree = "<group>"; };
		020000000000000000000005 /* MediaLibrary.swift */ = {isa = PBXFileReference; lastKnownFileType = sourcecode.swift; path = MediaLibrary.swift; sourceTree = "<group>"; };
		020000000000000000000006 /* PlaybackController.swift */ = {isa = PBXFileReference; lastKnownFileType = sourcecode.swift; path = PlaybackController.swift; sourceTree = "<group>"; };
		020000000000000000000007 /* PlayerNavigationModel.swift */ = {isa = PBXFileReference; lastKnownFileType = sourcecode.swift; path = PlayerNavigationModel.swift; sourceTree = "<group>"; };
		020000000000000000000008 /* RootDeviceView.swift */ = {isa = PBXFileReference; lastKnownFileType = sourcecode.swift; path = RootDeviceView.swift; sourceTree = "<group>"; };
		020000000000000000000009 /* DeviceScreenView.swift */ = {isa = PBXFileReference; lastKnownFileType = sourcecode.swift; path = DeviceScreenView.swift; sourceTree = "<group>"; };
		02000000000000000000000A /* HomeMenuView.swift */ = {isa = PBXFileReference; lastKnownFileType = sourcecode.swift; path = HomeMenuView.swift; sourceTree = "<group>"; };
		02000000000000000000000B /* ClickWheelView.swift */ = {isa = PBXFileReference; lastKnownFileType = sourcecode.swift; path = ClickWheelView.swift; sourceTree = "<group>"; };
		02000000000000000000000C /* ImportButton.swift */ = {isa = PBXFileReference; lastKnownFileType = sourcecode.swift; path = ImportButton.swift; sourceTree = "<group>"; };
		02000000000000000000000D /* MediaListView.swift */ = {isa = PBXFileReference; lastKnownFileType = sourcecode.swift; path = MediaListView.swift; sourceTree = "<group>"; };
		02000000000000000000000E /* NowPlayingView.swift */ = {isa = PBXFileReference; lastKnownFileType = sourcecode.swift; path = NowPlayingView.swift; sourceTree = "<group>"; };
		02000000000000000000000F /* SettingsView.swift */ = {isa = PBXFileReference; lastKnownFileType = sourcecode.swift; path = SettingsView.swift; sourceTree = "<group>"; };
		020000000000000000000010 /* MediaItemTests.swift */ = {isa = PBXFileReference; lastKnownFileType = sourcecode.swift; path = MediaItemTests.swift; sourceTree = "<group>"; };
		020000000000000000000011 /* MediaLibraryTests.swift */ = {isa = PBXFileReference; lastKnownFileType = sourcecode.swift; path = MediaLibraryTests.swift; sourceTree = "<group>"; };
		020000000000000000000012 /* PlayerNavigationModelTests.swift */ = {isa = PBXFileReference; lastKnownFileType = sourcecode.swift; path = PlayerNavigationModelTests.swift; sourceTree = "<group>"; };
		020000000000000000000013 /* MP3Build.app */ = {isa = PBXFileReference; explicitFileType = wrapper.application; includeInIndex = 0; path = MP3Build.app; sourceTree = BUILT_PRODUCTS_DIR; };
		020000000000000000000014 /* MP3BuildTests.xctest */ = {isa = PBXFileReference; explicitFileType = wrapper.cfbundle; includeInIndex = 0; path = MP3BuildTests.xctest; sourceTree = BUILT_PRODUCTS_DIR; };
		020000000000000000000015 /* FontRegistry.swift */ = {isa = PBXFileReference; lastKnownFileType = sourcecode.swift; path = FontRegistry.swift; sourceTree = "<group>"; };
		020000000000000000000016 /* PlayerThemeTests.swift */ = {isa = PBXFileReference; lastKnownFileType = sourcecode.swift; path = PlayerThemeTests.swift; sourceTree = "<group>"; };
		020000000000000000000017 /* ThemeManifest.swift */ = {isa = PBXFileReference; lastKnownFileType = sourcecode.swift; path = ThemeManifest.swift; sourceTree = "<group>"; };
		020000000000000000000018 /* ClickWheelEngine.swift */ = {isa = PBXFileReference; lastKnownFileType = sourcecode.swift; path = ClickWheelEngine.swift; sourceTree = "<group>"; };
		020000000000000000000019 /* MediaSortMode.swift */ = {isa = PBXFileReference; lastKnownFileType = sourcecode.swift; path = MediaSortMode.swift; sourceTree = "<group>"; };
		02000000000000000000001A /* VideoAspectMode.swift */ = {isa = PBXFileReference; lastKnownFileType = sourcecode.swift; path = VideoAspectMode.swift; sourceTree = "<group>"; };
		02000000000000000000001B /* ThemeManifestTests.swift */ = {isa = PBXFileReference; lastKnownFileType = sourcecode.swift; path = ThemeManifestTests.swift; sourceTree = "<group>"; };
		02000000000000000000001C /* ClickWheelEngineTests.swift */ = {isa = PBXFileReference; lastKnownFileType = sourcecode.swift; path = ClickWheelEngineTests.swift; sourceTree = "<group>"; };
		02000000000000000000001D /* MediaLibrarySortingTests.swift */ = {isa = PBXFileReference; lastKnownFileType = sourcecode.swift; path = MediaLibrarySortingTests.swift; sourceTree = "<group>"; };
		02000000000000000000001E /* AppConfigurationTests.swift */ = {isa = PBXFileReference; lastKnownFileType = sourcecode.swift; path = AppConfigurationTests.swift; sourceTree = "<group>"; };
		02000000000000000000001F /* Info.plist */ = {isa = PBXFileReference; lastKnownFileType = text.plist.xml; path = Info.plist; sourceTree = "<group>"; };
		021000000000000000000001 /* config.json */ = {isa = PBXFileReference; lastKnownFileType = text.json; path = config.json; sourceTree = "<group>"; };
		021000000000000000000002 /* desk_bg001.png */ = {isa = PBXFileReference; lastKnownFileType = image.png; path = desk_bg001.png; sourceTree = "<group>"; };
		021000000000000000000003 /* minecraft.ttf */ = {isa = PBXFileReference; lastKnownFileType = file; path = minecraft.ttf; sourceTree = "<group>"; };
		021000000000000000000004 /* 1.png */ = {isa = PBXFileReference; lastKnownFileType = image.png; path = 1.png; sourceTree = "<group>"; };
		021000000000000000000005 /* 2.png */ = {isa = PBXFileReference; lastKnownFileType = image.png; path = 2.png; sourceTree = "<group>"; };
		021000000000000000000006 /* Now Playing.png */ = {isa = PBXFileReference; lastKnownFileType = image.png; path = "Now Playing.png"; sourceTree = "<group>"; };
		021000000000000000000007 /* Music.png */ = {isa = PBXFileReference; lastKnownFileType = image.png; path = Music.png; sourceTree = "<group>"; };
		021000000000000000000008 /* Videos.png */ = {isa = PBXFileReference; lastKnownFileType = image.png; path = Videos.png; sourceTree = "<group>"; };
		021000000000000000000009 /* Audiobooks.png */ = {isa = PBXFileReference; lastKnownFileType = image.png; path = Audiobooks.png; sourceTree = "<group>"; };
		02100000000000000000000A /* Photos.png */ = {isa = PBXFileReference; lastKnownFileType = image.png; path = Photos.png; sourceTree = "<group>"; };
		02100000000000000000000B /* FM Radio.png */ = {isa = PBXFileReference; lastKnownFileType = image.png; path = "FM Radio.png"; sourceTree = "<group>"; };
		02100000000000000000000C /* Bluetooth.png */ = {isa = PBXFileReference; lastKnownFileType = image.png; path = Bluetooth.png; sourceTree = "<group>"; };
		02100000000000000000000D /* Settings.png */ = {isa = PBXFileReference; lastKnownFileType = image.png; path = Settings.png; sourceTree = "<group>"; };
		02100000000000000000000E /* ebook.png */ = {isa = PBXFileReference; lastKnownFileType = image.png; path = ebook.png; sourceTree = "<group>"; };
		02100000000000000000000F /* calculator.png */ = {isa = PBXFileReference; lastKnownFileType = image.png; path = calculator.png; sourceTree = "<group>"; };
		021000000000000000000010 /* calendar.png */ = {isa = PBXFileReference; lastKnownFileType = image.png; path = calendar.png; sourceTree = "<group>"; };
		021000000000000000000011 /* battery_004.png */ = {isa = PBXFileReference; lastKnownFileType = image.png; path = battery_004.png; sourceTree = "<group>"; };
		021000000000000000000012 /* playing.png */ = {isa = PBXFileReference; lastKnownFileType = image.png; path = playing.png; sourceTree = "<group>"; };
		021000000000000000000013 /* pause.png */ = {isa = PBXFileReference; lastKnownFileType = image.png; path = pause.png; sourceTree = "<group>"; };
		021000000000000000000014 /* stop.png */ = {isa = PBXFileReference; lastKnownFileType = image.png; path = stop.png; sourceTree = "<group>"; };
		021000000000000000000015 /* headsetWithoutMic.png */ = {isa = PBXFileReference; lastKnownFileType = image.png; path = headsetWithoutMic.png; sourceTree = "<group>"; };
		021000000000000000000016 /* blConnected.png */ = {isa = PBXFileReference; lastKnownFileType = image.png; path = blConnected.png; sourceTree = "<group>"; };
		021000000000000000000017 /* Assets.xcassets */ = {isa = PBXFileReference; lastKnownFileType = folder.assetcatalog; path = Assets.xcassets; sourceTree = "<group>"; };
/* End PBXFileReference section */

/* Begin PBXFrameworksBuildPhase section */
		060000000000000000000001 /* Frameworks */ = {isa = PBXFrameworksBuildPhase; buildActionMask = 2147483647; files = (); runOnlyForDeploymentPostprocessing = 0; };
		060000000000000000000002 /* Frameworks */ = {isa = PBXFrameworksBuildPhase; buildActionMask = 2147483647; files = (); runOnlyForDeploymentPostprocessing = 0; };
/* End PBXFrameworksBuildPhase section */

/* Begin PBXGroup section */
		070000000000000000000001 = {
			isa = PBXGroup;
			children = (
				070000000000000000000002 /* MP3Build */,
				070000000000000000000006 /* MP3BuildTests */,
				070000000000000000000007 /* Products */,
			);
			sourceTree = "<group>";
		};
		070000000000000000000002 /* MP3Build */ = {
			isa = PBXGroup;
			children = (
				020000000000000000000001 /* MP3BuildApp.swift */,
				02000000000000000000001F /* Info.plist */,
				070000000000000000000003 /* Models */,
				070000000000000000000004 /* Services */,
				070000000000000000000005 /* Views */,
				071000000000000000000001 /* Resources */,
				021000000000000000000017 /* Assets.xcassets */,
			);
			path = MP3Build;
			sourceTree = "<group>";
		};
		070000000000000000000003 /* Models */ = {
			isa = PBXGroup;
			children = (
				020000000000000000000002 /* MediaItem.swift */,
				020000000000000000000003 /* PlayerScreen.swift */,
				020000000000000000000004 /* PlayerTheme.swift */,
				020000000000000000000017 /* ThemeManifest.swift */,
				020000000000000000000018 /* ClickWheelEngine.swift */,
				020000000000000000000019 /* MediaSortMode.swift */,
				02000000000000000000001A /* VideoAspectMode.swift */,
			);
			path = Models;
			sourceTree = "<group>";
		};
		070000000000000000000004 /* Services */ = {
			isa = PBXGroup;
			children = (
				020000000000000000000005 /* MediaLibrary.swift */,
				020000000000000000000006 /* PlaybackController.swift */,
				020000000000000000000007 /* PlayerNavigationModel.swift */,
				020000000000000000000015 /* FontRegistry.swift */,
			);
			path = Services;
			sourceTree = "<group>";
		};
		070000000000000000000005 /* Views */ = {
			isa = PBXGroup;
			children = (
				020000000000000000000008 /* RootDeviceView.swift */,
				020000000000000000000009 /* DeviceScreenView.swift */,
				02000000000000000000000A /* HomeMenuView.swift */,
				02000000000000000000000B /* ClickWheelView.swift */,
				02000000000000000000000C /* ImportButton.swift */,
				02000000000000000000000D /* MediaListView.swift */,
				02000000000000000000000E /* NowPlayingView.swift */,
				02000000000000000000000F /* SettingsView.swift */,
			);
			path = Views;
			sourceTree = "<group>";
		};
		070000000000000000000006 /* MP3BuildTests */ = {
			isa = PBXGroup;
			children = (
				020000000000000000000010 /* MediaItemTests.swift */,
				020000000000000000000011 /* MediaLibraryTests.swift */,
				020000000000000000000012 /* PlayerNavigationModelTests.swift */,
				020000000000000000000016 /* PlayerThemeTests.swift */,
				02000000000000000000001B /* ThemeManifestTests.swift */,
				02000000000000000000001C /* ClickWheelEngineTests.swift */,
				02000000000000000000001D /* MediaLibrarySortingTests.swift */,
				02000000000000000000001E /* AppConfigurationTests.swift */,
			);
			path = MP3BuildTests;
			sourceTree = "<group>";
		};
		071000000000000000000001 /* Resources */ = {
			isa = PBXGroup;
			children = (
				071000000000000000000002 /* Themes */,
			);
			path = Resources;
			sourceTree = "<group>";
		};
		071000000000000000000002 /* Themes */ = {
			isa = PBXGroup;
			children = (
				071000000000000000000003 /* Minecraft */,
			);
			path = Themes;
			sourceTree = "<group>";
		};
		071000000000000000000003 /* Minecraft */ = {
			isa = PBXGroup;
			children = (
				021000000000000000000001 /* config.json */,
				021000000000000000000002 /* desk_bg001.png */,
				021000000000000000000003 /* minecraft.ttf */,
				021000000000000000000004 /* 1.png */,
				021000000000000000000005 /* 2.png */,
				021000000000000000000006 /* Now Playing.png */,
				021000000000000000000007 /* Music.png */,
				021000000000000000000008 /* Videos.png */,
				021000000000000000000009 /* Audiobooks.png */,
				02100000000000000000000A /* Photos.png */,
				02100000000000000000000B /* FM Radio.png */,
				02100000000000000000000C /* Bluetooth.png */,
				02100000000000000000000D /* Settings.png */,
				02100000000000000000000E /* ebook.png */,
				02100000000000000000000F /* calculator.png */,
				021000000000000000000010 /* calendar.png */,
				021000000000000000000011 /* battery_004.png */,
				021000000000000000000012 /* playing.png */,
				021000000000000000000013 /* pause.png */,
				021000000000000000000014 /* stop.png */,
				021000000000000000000015 /* headsetWithoutMic.png */,
				021000000000000000000016 /* blConnected.png */,
			);
			path = Minecraft;
			sourceTree = "<group>";
		};
		070000000000000000000007 /* Products */ = {
			isa = PBXGroup;
			children = (
				020000000000000000000013 /* MP3Build.app */,
				020000000000000000000014 /* MP3BuildTests.xctest */,
			);
			name = Products;
			sourceTree = "<group>";
		};
/* End PBXGroup section */

/* Begin PBXNativeTarget section */
		050000000000000000000001 /* MP3Build */ = {
			isa = PBXNativeTarget;
			buildConfigurationList = 080000000000000000000001 /* Build configuration list for PBXNativeTarget "MP3Build" */;
			buildPhases = (
				090000000000000000000001 /* Sources */,
				060000000000000000000001 /* Frameworks */,
				0A0000000000000000000001 /* Resources */,
			);
			buildRules = ();
			dependencies = ();
			name = MP3Build;
			productName = MP3Build;
			productReference = 020000000000000000000013 /* MP3Build.app */;
			productType = "com.apple.product-type.application";
		};
		050000000000000000000002 /* MP3BuildTests */ = {
			isa = PBXNativeTarget;
			buildConfigurationList = 080000000000000000000002 /* Build configuration list for PBXNativeTarget "MP3BuildTests" */;
			buildPhases = (
				090000000000000000000002 /* Sources */,
				060000000000000000000002 /* Frameworks */,
				0A0000000000000000000002 /* Resources */,
			);
			buildRules = ();
			dependencies = (
				0B0000000000000000000001 /* PBXTargetDependency */,
			);
			name = MP3BuildTests;
			productName = MP3BuildTests;
			productReference = 020000000000000000000014 /* MP3BuildTests.xctest */;
			productType = "com.apple.product-type.bundle.unit-test";
		};
/* End PBXNativeTarget section */

/* Begin PBXProject section */
		040000000000000000000001 /* Project object */ = {
			isa = PBXProject;
			attributes = {
				BuildIndependentTargetsInParallel = 1;
				LastSwiftUpdateCheck = 1500;
				LastUpgradeCheck = 1500;
				TargetAttributes = {
					050000000000000000000001 = { CreatedOnToolsVersion = 15.0; };
					050000000000000000000002 = { CreatedOnToolsVersion = 15.0; TestTargetID = 050000000000000000000001; };
				};
			};
			buildConfigurationList = 080000000000000000000003 /* Build configuration list for PBXProject "MP3Build" */;
			compatibilityVersion = "Xcode 14.0";
			developmentRegion = en;
			hasScannedForEncodings = 0;
			knownRegions = (en, Base);
			mainGroup = 070000000000000000000001;
			productRefGroup = 070000000000000000000007 /* Products */;
			projectDirPath = "";
			projectRoot = "";
			targets = (
				050000000000000000000001 /* MP3Build */,
				050000000000000000000002 /* MP3BuildTests */,
			);
		};
/* End PBXProject section */

/* Begin PBXResourcesBuildPhase section */
		0A0000000000000000000001 /* Resources */ = {
			isa = PBXResourcesBuildPhase;
			buildActionMask = 2147483647;
			files = (
				011000000000000000000001 /* config.json in Resources */,
				011000000000000000000002 /* desk_bg001.png in Resources */,
				011000000000000000000003 /* minecraft.ttf in Resources */,
				011000000000000000000004 /* 1.png in Resources */,
				011000000000000000000005 /* 2.png in Resources */,
				011000000000000000000006 /* Now Playing.png in Resources */,
				011000000000000000000007 /* Music.png in Resources */,
				011000000000000000000008 /* Videos.png in Resources */,
				011000000000000000000009 /* Audiobooks.png in Resources */,
				01100000000000000000000A /* Photos.png in Resources */,
				01100000000000000000000B /* FM Radio.png in Resources */,
				01100000000000000000000C /* Bluetooth.png in Resources */,
				01100000000000000000000D /* Settings.png in Resources */,
				01100000000000000000000E /* ebook.png in Resources */,
				01100000000000000000000F /* calculator.png in Resources */,
				011000000000000000000010 /* calendar.png in Resources */,
				011000000000000000000011 /* battery_004.png in Resources */,
				011000000000000000000012 /* playing.png in Resources */,
				011000000000000000000013 /* pause.png in Resources */,
				011000000000000000000014 /* stop.png in Resources */,
				011000000000000000000015 /* headsetWithoutMic.png in Resources */,
				011000000000000000000016 /* blConnected.png in Resources */,
				011000000000000000000017 /* Assets.xcassets in Resources */,
			);
			runOnlyForDeploymentPostprocessing = 0;
		};
		0A0000000000000000000002 /* Resources */ = {isa = PBXResourcesBuildPhase; buildActionMask = 2147483647; files = (); runOnlyForDeploymentPostprocessing = 0; };
/* End PBXResourcesBuildPhase section */

/* Begin PBXSourcesBuildPhase section */
		090000000000000000000001 /* Sources */ = {
			isa = PBXSourcesBuildPhase;
			buildActionMask = 2147483647;
			files = (
				010000000000000000000001 /* MP3BuildApp.swift in Sources */,
				010000000000000000000002 /* MediaItem.swift in Sources */,
				010000000000000000000003 /* PlayerScreen.swift in Sources */,
				010000000000000000000004 /* PlayerTheme.swift in Sources */,
				010000000000000000000015 /* ThemeManifest.swift in Sources */,
				010000000000000000000016 /* ClickWheelEngine.swift in Sources */,
				010000000000000000000017 /* MediaSortMode.swift in Sources */,
				010000000000000000000018 /* VideoAspectMode.swift in Sources */,
				010000000000000000000005 /* MediaLibrary.swift in Sources */,
				010000000000000000000006 /* PlaybackController.swift in Sources */,
				010000000000000000000007 /* PlayerNavigationModel.swift in Sources */,
				010000000000000000000013 /* FontRegistry.swift in Sources */,
				010000000000000000000008 /* RootDeviceView.swift in Sources */,
				010000000000000000000009 /* DeviceScreenView.swift in Sources */,
				01000000000000000000000A /* HomeMenuView.swift in Sources */,
				01000000000000000000000B /* ClickWheelView.swift in Sources */,
				01000000000000000000000C /* ImportButton.swift in Sources */,
				01000000000000000000000D /* MediaListView.swift in Sources */,
				01000000000000000000000E /* NowPlayingView.swift in Sources */,
				01000000000000000000000F /* SettingsView.swift in Sources */,
			);
			runOnlyForDeploymentPostprocessing = 0;
		};
		090000000000000000000002 /* Sources */ = {
			isa = PBXSourcesBuildPhase;
			buildActionMask = 2147483647;
			files = (
				010000000000000000000010 /* MediaItemTests.swift in Sources */,
				010000000000000000000011 /* MediaLibraryTests.swift in Sources */,
				010000000000000000000012 /* PlayerNavigationModelTests.swift in Sources */,
				010000000000000000000014 /* PlayerThemeTests.swift in Sources */,
				010000000000000000000019 /* ThemeManifestTests.swift in Sources */,
				01000000000000000000001A /* ClickWheelEngineTests.swift in Sources */,
				01000000000000000000001B /* MediaLibrarySortingTests.swift in Sources */,
				01000000000000000000001C /* AppConfigurationTests.swift in Sources */,
			);
			runOnlyForDeploymentPostprocessing = 0;
		};
/* End PBXSourcesBuildPhase section */

/* Begin PBXTargetDependency section */
		0B0000000000000000000001 /* PBXTargetDependency */ = {isa = PBXTargetDependency; target = 050000000000000000000001 /* MP3Build */; targetProxy = 030000000000000000000001 /* PBXContainerItemProxy */; };
/* End PBXTargetDependency section */

/* Begin XCBuildConfiguration section */
		0C0000000000000000000001 /* Debug */ = {
			isa = XCBuildConfiguration;
			buildSettings = {
				ALWAYS_SEARCH_USER_PATHS = NO;
				CLANG_ANALYZER_NONNULL = YES;
				CLANG_ANALYZER_NUMBER_OBJECT_CONVERSION = YES_AGGRESSIVE;
				CLANG_CXX_LANGUAGE_STANDARD = "gnu++20";
				CLANG_ENABLE_MODULES = YES;
				CLANG_ENABLE_OBJC_ARC = YES;
				CLANG_ENABLE_OBJC_WEAK = YES;
				CLANG_WARN_BLOCK_CAPTURE_AUTORELEASING = YES;
				CLANG_WARN_BOOL_CONVERSION = YES;
				CLANG_WARN_COMMA = YES;
				CLANG_WARN_CONSTANT_CONVERSION = YES;
				CLANG_WARN_DEPRECATED_OBJC_IMPLEMENTATIONS = YES;
				CLANG_WARN_DIRECT_OBJC_ISA_USAGE = YES_ERROR;
				CLANG_WARN_DOCUMENTATION_COMMENTS = YES;
				CLANG_WARN_EMPTY_BODY = YES;
				CLANG_WARN_ENUM_CONVERSION = YES;
				CLANG_WARN_INFINITE_RECURSION = YES;
				CLANG_WARN_INT_CONVERSION = YES;
				CLANG_WARN_NON_LITERAL_NULL_CONVERSION = YES;
				CLANG_WARN_OBJC_IMPLICIT_RETAIN_SELF = YES;
				CLANG_WARN_OBJC_LITERAL_CONVERSION = YES;
				CLANG_WARN_OBJC_ROOT_CLASS = YES_ERROR;
				CLANG_WARN_QUOTED_INCLUDE_IN_FRAMEWORK_HEADER = YES;
				CLANG_WARN_RANGE_LOOP_ANALYSIS = YES;
				CLANG_WARN_STRICT_PROTOTYPES = YES;
				CLANG_WARN_SUSPICIOUS_MOVE = YES;
				CLANG_WARN_UNGUARDED_AVAILABILITY = YES_AGGRESSIVE;
				CLANG_WARN_UNREACHABLE_CODE = YES;
				COPY_PHASE_STRIP = NO;
				DEBUG_INFORMATION_FORMAT = dwarf;
				ENABLE_STRICT_OBJC_MSGSEND = YES;
				ENABLE_TESTABILITY = YES;
				ENABLE_USER_SCRIPT_SANDBOXING = YES;
				GCC_C_LANGUAGE_STANDARD = gnu17;
				GCC_DYNAMIC_NO_PIC = NO;
				GCC_NO_COMMON_BLOCKS = YES;
				GCC_OPTIMIZATION_LEVEL = 0;
				GCC_PREPROCESSOR_DEFINITIONS = ("DEBUG=1", "$(inherited)");
				GCC_WARN_64_TO_32_BIT_CONVERSION = YES;
				GCC_WARN_ABOUT_RETURN_TYPE = YES_ERROR;
				GCC_WARN_UNDECLARED_SELECTOR = YES;
				GCC_WARN_UNINITIALIZED_AUTOS = YES_AGGRESSIVE;
				GCC_WARN_UNUSED_FUNCTION = YES;
				GCC_WARN_UNUSED_VARIABLE = YES;
				IPHONEOS_DEPLOYMENT_TARGET = 15.0;
				MTL_ENABLE_DEBUG_INFO = INCLUDE_SOURCE;
				MTL_FAST_MATH = YES;
				ONLY_ACTIVE_ARCH = YES;
				SDKROOT = iphoneos;
				SWIFT_ACTIVE_COMPILATION_CONDITIONS = DEBUG;
				SWIFT_OPTIMIZATION_LEVEL = "-Onone";
			};
			name = Debug;
		};
		0C0000000000000000000002 /* Release */ = {
			isa = XCBuildConfiguration;
			buildSettings = {
				ALWAYS_SEARCH_USER_PATHS = NO;
				CLANG_ANALYZER_NONNULL = YES;
				CLANG_ANALYZER_NUMBER_OBJECT_CONVERSION = YES_AGGRESSIVE;
				CLANG_CXX_LANGUAGE_STANDARD = "gnu++20";
				CLANG_ENABLE_MODULES = YES;
				CLANG_ENABLE_OBJC_ARC = YES;
				CLANG_ENABLE_OBJC_WEAK = YES;
				CLANG_WARN_BLOCK_CAPTURE_AUTORELEASING = YES;
				CLANG_WARN_BOOL_CONVERSION = YES;
				CLANG_WARN_COMMA = YES;
				CLANG_WARN_CONSTANT_CONVERSION = YES;
				CLANG_WARN_DEPRECATED_OBJC_IMPLEMENTATIONS = YES;
				CLANG_WARN_DIRECT_OBJC_ISA_USAGE = YES_ERROR;
				CLANG_WARN_DOCUMENTATION_COMMENTS = YES;
				CLANG_WARN_EMPTY_BODY = YES;
				CLANG_WARN_ENUM_CONVERSION = YES;
				CLANG_WARN_INFINITE_RECURSION = YES;
				CLANG_WARN_INT_CONVERSION = YES;
				CLANG_WARN_NON_LITERAL_NULL_CONVERSION = YES;
				CLANG_WARN_OBJC_IMPLICIT_RETAIN_SELF = YES;
				CLANG_WARN_OBJC_LITERAL_CONVERSION = YES;
				CLANG_WARN_OBJC_ROOT_CLASS = YES_ERROR;
				CLANG_WARN_QUOTED_INCLUDE_IN_FRAMEWORK_HEADER = YES;
				CLANG_WARN_RANGE_LOOP_ANALYSIS = YES;
				CLANG_WARN_STRICT_PROTOTYPES = YES;
				CLANG_WARN_SUSPICIOUS_MOVE = YES;
				CLANG_WARN_UNGUARDED_AVAILABILITY = YES_AGGRESSIVE;
				CLANG_WARN_UNREACHABLE_CODE = YES;
				COPY_PHASE_STRIP = NO;
				DEBUG_INFORMATION_FORMAT = "dwarf-with-dsym";
				ENABLE_NS_ASSERTIONS = NO;
				ENABLE_STRICT_OBJC_MSGSEND = YES;
				ENABLE_USER_SCRIPT_SANDBOXING = YES;
				GCC_C_LANGUAGE_STANDARD = gnu17;
				GCC_NO_COMMON_BLOCKS = YES;
				GCC_WARN_64_TO_32_BIT_CONVERSION = YES;
				GCC_WARN_ABOUT_RETURN_TYPE = YES_ERROR;
				GCC_WARN_UNDECLARED_SELECTOR = YES;
				GCC_WARN_UNINITIALIZED_AUTOS = YES_AGGRESSIVE;
				GCC_WARN_UNUSED_FUNCTION = YES;
				GCC_WARN_UNUSED_VARIABLE = YES;
				IPHONEOS_DEPLOYMENT_TARGET = 15.0;
				MTL_ENABLE_DEBUG_INFO = NO;
				MTL_FAST_MATH = YES;
				SDKROOT = iphoneos;
				SWIFT_COMPILATION_MODE = wholemodule;
				SWIFT_OPTIMIZATION_LEVEL = "-O";
				VALIDATE_PRODUCT = YES;
			};
			name = Release;
		};
		0C0000000000000000000003 /* Debug */ = {
			isa = XCBuildConfiguration;
			buildSettings = {
				ASSETCATALOG_COMPILER_APPICON_NAME = AppIcon;
				CODE_SIGN_STYLE = Automatic;
				CURRENT_PROJECT_VERSION = 1;
				DEVELOPMENT_ASSET_PATHS = "";
				DEVELOPMENT_TEAM = "";
				ENABLE_PREVIEWS = YES;
				GENERATE_INFOPLIST_FILE = NO;
				INFOPLIST_FILE = MP3Build/Info.plist;
				IPHONEOS_DEPLOYMENT_TARGET = 15.0;
				MARKETING_VERSION = 1.0;
				PRODUCT_BUNDLE_IDENTIFIER = "local.mp3build.player";
				PRODUCT_NAME = "$(TARGET_NAME)";
				SUPPORTED_PLATFORMS = "iphoneos iphonesimulator";
				SUPPORTS_MACCATALYST = NO;
				SWIFT_EMIT_LOC_STRINGS = YES;
				SWIFT_VERSION = 5.0;
				TARGETED_DEVICE_FAMILY = 1;
			};
			name = Debug;
		};
		0C0000000000000000000004 /* Release */ = {
			isa = XCBuildConfiguration;
			buildSettings = {
				ASSETCATALOG_COMPILER_APPICON_NAME = AppIcon;
				CODE_SIGN_STYLE = Automatic;
				CURRENT_PROJECT_VERSION = 1;
				DEVELOPMENT_ASSET_PATHS = "";
				DEVELOPMENT_TEAM = "";
				GENERATE_INFOPLIST_FILE = NO;
				INFOPLIST_FILE = MP3Build/Info.plist;
				IPHONEOS_DEPLOYMENT_TARGET = 15.0;
				MARKETING_VERSION = 1.0;
				PRODUCT_BUNDLE_IDENTIFIER = "local.mp3build.player";
				PRODUCT_NAME = "$(TARGET_NAME)";
				SUPPORTED_PLATFORMS = "iphoneos iphonesimulator";
				SUPPORTS_MACCATALYST = NO;
				SWIFT_EMIT_LOC_STRINGS = YES;
				SWIFT_VERSION = 5.0;
				TARGETED_DEVICE_FAMILY = 1;
			};
			name = Release;
		};
		0C0000000000000000000005 /* Debug */ = {
			isa = XCBuildConfiguration;
			buildSettings = {
				BUNDLE_LOADER = "$(TEST_HOST)";
				CODE_SIGN_STYLE = Automatic;
				CURRENT_PROJECT_VERSION = 1;
				GENERATE_INFOPLIST_FILE = YES;
				IPHONEOS_DEPLOYMENT_TARGET = 15.0;
				MARKETING_VERSION = 1.0;
				PRODUCT_BUNDLE_IDENTIFIER = "local.mp3build.player.tests";
				PRODUCT_NAME = "$(TARGET_NAME)";
				SUPPORTED_PLATFORMS = "iphoneos iphonesimulator";
				SWIFT_VERSION = 5.0;
				TARGETED_DEVICE_FAMILY = 1;
				TEST_HOST = "$(BUILT_PRODUCTS_DIR)/MP3Build.app/$(BUNDLE_EXECUTABLE_FOLDER_PATH)/MP3Build";
			};
			name = Debug;
		};
		0C0000000000000000000006 /* Release */ = {
			isa = XCBuildConfiguration;
			buildSettings = {
				BUNDLE_LOADER = "$(TEST_HOST)";
				CODE_SIGN_STYLE = Automatic;
				CURRENT_PROJECT_VERSION = 1;
				GENERATE_INFOPLIST_FILE = YES;
				IPHONEOS_DEPLOYMENT_TARGET = 15.0;
				MARKETING_VERSION = 1.0;
				PRODUCT_BUNDLE_IDENTIFIER = "local.mp3build.player.tests";
				PRODUCT_NAME = "$(TARGET_NAME)";
				SUPPORTED_PLATFORMS = "iphoneos iphonesimulator";
				SWIFT_VERSION = 5.0;
				TARGETED_DEVICE_FAMILY = 1;
				TEST_HOST = "$(BUILT_PRODUCTS_DIR)/MP3Build.app/$(BUNDLE_EXECUTABLE_FOLDER_PATH)/MP3Build";
			};
			name = Release;
		};
/* End XCBuildConfiguration section */

/* Begin XCConfigurationList section */
		080000000000000000000001 /* Build configuration list for PBXNativeTarget "MP3Build" */ = {
			isa = XCConfigurationList;
			buildConfigurations = (
				0C0000000000000000000003 /* Debug */,
				0C0000000000000000000004 /* Release */,
			);
			defaultConfigurationIsVisible = 0;
			defaultConfigurationName = Release;
		};
		080000000000000000000002 /* Build configuration list for PBXNativeTarget "MP3BuildTests" */ = {
			isa = XCConfigurationList;
			buildConfigurations = (
				0C0000000000000000000005 /* Debug */,
				0C0000000000000000000006 /* Release */,
			);
			defaultConfigurationIsVisible = 0;
			defaultConfigurationName = Release;
		};
		080000000000000000000003 /* Build configuration list for PBXProject "MP3Build" */ = {
			isa = XCConfigurationList;
			buildConfigurations = (
				0C0000000000000000000001 /* Debug */,
				0C0000000000000000000002 /* Release */,
			);
			defaultConfigurationIsVisible = 0;
			defaultConfigurationName = Release;
		};
/* End XCConfigurationList section */
	};
	rootObject = 040000000000000000000001 /* Project object */;
}
